
Microsoft Visual Studio Solution File, Format Version 12.00
# Visual Studio Version 16
VisualStudioVersion = 16.0.35706.149
MinimumVisualStudioVersion = 10.0.40219.1
Project("{FAE04EC0-301F-11D3-BF4B-00C04F79EFBC}") = "WpfApp", "WpfApp\WpfApp.csproj", "{26E1B46F-2BB0-409A-8B86-D83441B0D272}"
EndProject
Global
	GlobalSection(SolutionConfigurationPlatforms) = preSolution
		Debug|Any CPU = Debug|Any CPU
		Release|Any CPU = Release|Any CPU
	EndGlobalSection
	GlobalSection(ProjectConfigurationPlatforms) = postSolution
		{26E1B46F-2BB0-409A-8B86-D83441B0D272}.Debug|Any CPU.ActiveCfg = Debug|Any CPU
		{26E1B46F-2BB0-409A-8B86-D83441B0D272}.Debug|Any CPU.Build.0 = Debug|Any CPU
		{26E1B46F-2BB0-409A-8B86-D83441B0D272}.Release|Any CPU.ActiveCfg = Release|Any CPU
		{26E1B46F-2BB0-409A-8B86-D83441B0D272}.Release|Any CPU.Build.0 = Release|Any CPU
	EndGlobalSection
	GlobalSection(SolutionProperties) = preSolution
		HideSolutionNode = FALSE
	EndGlobalSection
	GlobalSection(ExtensibilityGlobals) = postSolution
		SolutionGuid = {F2759A8B-B94F-41A8-A175-61FCA5711321}
	EndGlobalSection
EndGlobal
